<Solution>
  <Folder Name="/DevOps/">
    <File Path=".github/workflows/build.yml" />
    <File Path=".github/workflows/CI.yml" />
    <File Path=".github/workflows/publish.yml" />
  </Folder>
  <Folder Name="/Docs/">
    <File Path="README.md" />
  </Folder>
  <Folder Name="/Samples/">
    <Project Path="samples/VastAI.NET.Sample/VastAI.NET.Sample.csproj" />
  </Folder>
  <Folder Name="/Tests/">
    <Project Path="tests/VastAI.NET.Tests.Shared/VastAI.NET.Tests.Shared.csproj" />
    <Project Path="tests/VastAI.NET.Tests/VastAI.NET.Tests.csproj" />
  </Folder>
  <Project Path="src/VastAI.NET/VastAI.NET.csproj" />
</Solution>
